// !$*UTF8*$!
{
	archiveVersion = 1;
	classes = {
	};
	objectVersion = 46;
	objects = {

/* Begin PBXBuildFile section */
		18B623221C29981200CF2819 /* AppDelegate.swift in Sources */ = {isa = PBXBuildFile; fileRef = 18B623211C29981200CF2819 /* AppDelegate.swift */; };
		18B623241C29981200CF2819 /* ViewController.swift in Sources */ = {isa = PBXBuildFile; fileRef = 18B623231C29981200CF2819 /* ViewController.swift */; };
		18B623271C29981200CF2819 /* Main.storyboard in Resources */ = {isa = PBXBuildFile; fileRef = 18B623251C29981200CF2819 /* Main.storyboard */; };
		18B623291C29981200CF2819 /* Assets.xcassets in Resources */ = {isa = PBXBuildFile; fileRef = 18B623281C29981200CF2819 /* Assets.xcassets */; };
		18B6232C1C29981200CF2819 /* LaunchScreen.storyboard in Resources */ = {isa = PBXBuildFile; fileRef = 18B6232A1C29981200CF2819 /* LaunchScreen.storyboard */; };
/* End PBXBuildFile section */

/* Begin PBXFileReference section */
		18B6231E1C29981200CF2819 /* YHTestProgect.app */ = {isa = PBXFileReference; explicitFileType = wrapper.application; includeInIndex = 0; path = YHTestProgect.app; sourceTree = BUILT_PRODUCTS_DIR; };
		18B623211C29981200CF2819 /* AppDelegate.swift */ = {isa = PBXFileReference; lastKnownFileType = sourcecode.swift; path = AppDelegate.swift; sourceTree = "<group>"; };
		18B623231C29981200CF2819 /* ViewController.swift */ = {isa = PBXFileReference; lastKnownFileType = sourcecode.swift; path = ViewController.swift; sourceTree = "<group>"; };
		18B623261C29981200CF2819 /* Base */ = {isa = PBXFileReference; lastKnownFileType = file.storyboard; name = Base; path = Base.lproj/Main.storyboard; sourceTree = "<group>"; };
		18B623281C29981200CF2819 /* Assets.xcassets */ = {isa = PBXFileReference; lastKnownFileType = folder.assetcatalog; path = Assets.xcassets; sourceTree = "<group>"; };
		18B6232B1C29981200CF2819 /* Base */ = {isa = PBXFileReference; lastKnownFileType = file.storyboard; name = Base; path = Base.lproj/LaunchScreen.storyboard; sourceTree = "<group>"; };
		18B6232D1C29981200CF2819 /* Info.plist */ = {isa = PBXFileReference; lastKnownFileType = text.plist.xml; path = Info.plist; sourceTree = "<group>"; };
/* End PBXFileReference section */

/* Begin PBXFrameworksBuildPhase section */
		18B6231B1C29981200CF2819 /* Frameworks */ = {
			isa = PBXFrameworksBuildPhase;
			buildActionMask = 2147483647;
			files = (
			);
			runOnlyForDeploymentPostprocessing = 0;
		};
/* End PBXFrameworksBuildPhase section */

/* Begin PBXGroup section */
		18B623151C29981200CF2819 = {
			isa = PBXGroup;
			children = (
				18B623201C29981200CF2819 /* YHTestProgect */,
				18B6231F1C29981200CF2819 /* Products */,
			);
			sourceTree = "<group>";
		};
		18B6231F1C29981200CF2819 /* Products */ = {
			isa = PBXGroup;
			children = (
				18B6231E1C29981200CF2819 /* YHTestProgect.app */,
			);
			name = Products;
			sourceTree = "<group>";
		};
		18B623201C29981200CF2819 /* YHTestProgect */ = {
			isa = PBXGroup;
			children = (
				18B623211C29981200CF2819 /* AppDelegate.swift */,
				18B623231C29981200CF2819 /* ViewController.swift */,
				18B623251C29981200CF2819 /* Main.storyboard */,
				18B623281C29981200CF2819 /* Assets.xcassets */,
				18B6232A1C29981200CF2819 /* LaunchScreen.storyboard */,
				18B6232D1C29981200CF2819 /* Info.plist */,
			);
			path = YHTestProgect;
			sourceTree = "<group>";
		};
/* End PBXGroup section */

/* Begin PBXNativeTarget section */
		18B6231D1C29981200CF2819 /* YHTestProgect */ = {
			isa = PBXNativeTarget;
			buildConfigurationList = 18B623301C29981200CF2819 /* Build configuration list for PBXNativeTarget "YHTestProgect" */;
			buildPhases = (
				18B6231A1C29981200CF2819 /* Sources */,
				18B6231B1C29981200CF2819 /* Frameworks */,
				18B6231C1C29981200CF2819 /* Resources */,
			);
			buildRules = (
			);
			dependencies = (
			);
			name = YHTestProgect;
			productName = YHTestProgect;
			productReference = 18B6231E1C29981200CF2819 /* YHTestProgect.app */;
			productType = "com.apple.product-type.application";
		};
/* End PBXNativeTarget section */

/* Begin PBXProject section */
		18B623161C29981200CF2819 /* Project object */ = {
			isa = PBXProject;
			attributes = {
				LastSwiftUpdateCheck = 0710;
				LastUpgradeCheck = 0710;
				ORGANIZATIONNAME = apple;
				TargetAttributes = {
					18B6231D1C29981200CF2819 = {
						CreatedOnToolsVersion = 7.1;
					};
				};
			};
			buildConfigurationList = 18B623191C29981200CF2819 /* Build configuration list for PBXProject "YHTestProgect" */;
			compatibilityVersion = "Xcode 3.2";
			developmentRegion = English;
			hasScannedForEncodings = 0;
			knownRegions = (
				en,
				Base,
			);
			mainGroup = 18B623151C29981200CF2819;
			productRefGroup = 18B6231F1C29981200CF2819 /* Products */;
			projectDirPath = "";
			projectRoot = "";
			targets = (
				18B6231D1C29981200CF2819 /* YHTestProgect */,
			);
		};
/* End PBXProject section */

/* Begin PBXResourcesBuildPhase section */
		18B6231C1C29981200CF2819 /* Resources */ = {
			isa = PBXResourcesBuildPhase;
			buildActionMask = 2147483647;
			files = (
				18B6232C1C29981200CF2819 /* LaunchScreen.storyboard in Resources */,
				18B623291C29981200CF2819 /* Assets.xcassets in Resources */,
				18B623271C29981200CF2819 /* Main.storyboard in Resources */,
			);
			runOnlyForDeploymentPostprocessing = 0;
		};
/* End PBXResourcesBuildPhase section */

/* Begin PBXSourcesBuildPhase section */
		18B6231A1C29981200CF2819 /* Sources */ = {
			isa = PBXSourcesBuildPhase;
			buildActionMask = 2147483647;
			files = (
				18B623241C29981200CF2819 /* ViewController.swift in Sources */,
				18B623221C29981200CF2819 /* AppDelegate.swift in Sources */,
			);
			runOnlyForDeploymentPostprocessing = 0;
		};
/* End PBXSourcesBuildPhase section */

/* Begin PBXVariantGroup section */
		18B623251C29981200CF2819 /* Main.storyboard */ = {
			isa = PBXVariantGroup;
			children = (
				18B623261C29981200CF2819 /* Base */,
			);
			name = Main.storyboard;
			sourceTree = "<group>";
		};
		18B6232A1C29981200CF2819 /* LaunchScreen.storyboard */ = {
			isa = PBXVariantGroup;
			children = (
				18B6232B1C29981200CF2819 /* Base */,
			);
			name = LaunchScreen.storyboard;
			sourceTree = "<group>";
		};
/* End PBXVariantGroup section */

/* Begin XCBuildConfiguration section */
		18B6232E1C29981200CF2819 /* Debug */ = {
			isa = XCBuildConfiguration;
			buildSettings = {
				ALWAYS_SEARCH_USER_PATHS = NO;
				CLANG_CXX_LANGUAGE_STANDARD = "gnu++0x";
				CLANG_CXX_LIBRARY = "libc++";
				CLANG_ENABLE_MODULES = YES;
				CLANG_ENABLE_OBJC_ARC = YES;
				CLANG_WARN_BOOL_CONVERSION = YES;
				CLANG_WARN_CONSTANT_CONVERSION = YES;
				CLANG_WARN_DIRECT_OBJC_ISA_USAGE = YES_ERROR;
				CLANG_WARN_EMPTY_BODY = YES;
				CLANG_WARN_ENUM_CONVERSION = YES;
				CLANG_WARN_INT_CONVERSION = YES;
				CLANG_WARN_OBJC_ROOT_CLASS = YES_ERROR;
				CLANG_WARN_UNREACHABLE_CODE = YES;
				CLANG_WARN__DUPLICATE_METHOD_MATCH = YES;
				"CODE_SIGN_IDENTITY[sdk=iphoneos*]" = "iPhone Developer";
				COPY_PHASE_STRIP = NO;
				DEBUG_INFORMATION_FORMAT = dwarf;
				ENABLE_STRICT_OBJC_MSGSEND = YES;
				ENABLE_TESTABILITY = YES;
				GCC_C_LANGUAGE_STANDARD = gnu99;
				GCC_DYNAMIC_NO_PIC = NO;
				GCC_NO_COMMON_BLOCKS = YES;
				GCC_OPTIMIZATION_LEVEL = 0;
				GCC_PREPROCESSOR_DEFINITIONS = (
					"DEBUG=1",
					"$(inherited)",
				);
				GCC_WARN_64_TO_32_BIT_CONVERSION = YES;
				GCC_WARN_ABOUT_RETURN_TYPE = YES_ERROR;
				GCC_WARN_UNDECLARED_SELECTOR = YES;
				GCC_WARN_UNINITIALIZED_AUTOS = YES_AGGRESSIVE;
				GCC_WARN_UNUSED_FUNCTION = YES;
				GCC_WARN_UNUSED_VARIABLE = YES;
				IPHONEOS_DEPLOYMENT_TARGET = 9.1;
				MTL_ENABLE_DEBUG_INFO = YES;
				ONLY_ACTIVE_ARCH = YES;
				SDKROOT = iphoneos;
				SWIFT_OPTIMIZATION_LEVEL = "-Onone";
				TARGETED_DEVICE_FAMILY = "1,2";
			};
			name = Debug;
		};
		18B6232F1C29981200CF2819 /* Release */ = {
			isa = XCBuildConfiguration;
			buildSettings = {
				ALWAYS_SEARCH_USER_PATHS = NO;
				CLANG_CXX_LANGUAGE_STANDARD = "gnu++0x";
				CLANG_CXX_LIBRARY = "libc++";
				CLANG_ENABLE_MODULES = YES;
				CLANG_ENABLE_OBJC_ARC = YES;
				CLANG_WARN_BOOL_CONVERSION = YES;
				CLANG_WARN_CONSTANT_CONVERSION = YES;
				CLANG_WARN_DIRECT_OBJC_ISA_USAGE = YES_ERROR;
				CLANG_WARN_EMPTY_BODY = YES;
				CLANG_WARN_ENUM_CONVERSION = YES;
				CLANG_WARN_INT_CONVERSION = YES;
				CLANG_WARN_OBJC_ROOT_CLASS = YES_ERROR;
				CLANG_WARN_UNREACHABLE_CODE = YES;
				CLANG_WARN__DUPLICATE_METHOD_MATCH = YES;
				"CODE_SIGN_IDENTITY[sdk=iphoneos*]" = "iPhone Developer";
				COPY_PHASE_STRIP = NO;
				DEBUG_INFORMATION_FORMAT = "dwarf-with-dsym";
				ENABLE_NS_ASSERTIONS = NO;
				ENABLE_STRICT_OBJC_MSGSEND = YES;
				GCC_C_LANGUAGE_STANDARD = gnu99;
				GCC_NO_COMMON_BLOCKS = YES;
				GCC_WARN_64_TO_32_BIT_CONVERSION = YES;
				GCC_WARN_ABOUT_RETURN_TYPE = YES_ERROR;
				GCC_WARN_UNDECLARED_SELECTOR = YES;
				GCC_WARN_UNINITIALIZED_AUTOS = YES_AGGRESSIVE;
				GCC_WARN_UNUSED_FUNCTION = YES;
				GCC_WARN_UNUSED_VARIABLE = YES;
				IPHONEOS_DEPLOYMENT_TARGET = 9.1;
				MTL_ENABLE_DEBUG_INFO = NO;
				SDKROOT = iphoneos;
				TARGETED_DEVICE_FAMILY = "1,2";
				VALIDATE_PRODUCT = YES;
			};
			name = Release;
		};
		18B623311C29981200CF2819 /* Debug */ = {
			isa = XCBuildConfiguration;
			buildSettings = {
				ASSETCATALOG_COMPILER_APPICON_NAME = AppIcon;
				INFOPLIST_FILE = YHTestProgect/Info.plist;
				LD_RUNPATH_SEARCH_PATHS = "$(inherited) @executable_path/Frameworks";
				PRODUCT_BUNDLE_IDENTIFIER = YH.YHTestProgect;
				PRODUCT_NAME = "$(TARGET_NAME)";
			};
			name = Debug;
		};
		18B623321C29981200CF2819 /* Release */ = {
			isa = XCBuildConfiguration;
			buildSettings = {
				ASSETCATALOG_COMPILER_APPICON_NAME = AppIcon;
				INFOPLIST_FILE = YHTestProgect/Info.plist;
				LD_RUNPATH_SEARCH_PATHS = "$(inherited) @executable_path/Frameworks";
				PRODUCT_BUNDLE_IDENTIFIER = YH.YHTestProgect;
				PRODUCT_NAME = "$(TARGET_NAME)";
			};
			name = Release;
		};
/* End XCBuildConfiguration section */

/* Begin XCConfigurationList section */
		18B623191C29981200CF2819 /* Build configuration list for PBXProject "YHTestProgect" */ = {
			isa = XCConfigurationList;
			buildConfigurations = (
				18B6232E1C29981200CF2819 /* Debug */,
				18B6232F1C29981200CF2819 /* Release */,
			);
			defaultConfigurationIsVisible = 0;
			defaultConfigurationName = Release;
		};
		18B623301C29981200CF2819 /* Build configuration list for PBXNativeTarget "YHTestProgect" */ = {
			isa = XCConfigurationList;
			buildConfigurations = (
				18B623311C29981200CF2819 /* Debug */,
				18B623321C29981200CF2819 /* Release */,
			);
			defaultConfigurationIsVisible = 0;
		};
/* End XCConfigurationList section */
	};
	rootObject = 18B623161C29981200CF2819 /* Project object */;
}
